
Microsoft Visual Studio Solution File, Format Version 12.00
# Visual Studio Version 17
VisualStudioVersion = 17.10.35013.160
MinimumVisualStudioVersion = 10.0.40219.1
Project("{FAE04EC0-301F-11D3-BF4B-00C04F79EFBC}") = "Static", "Static.csproj", "{BA4F9760-96C9-4426-8AF3-0EA8540DFFDD}"
EndProject
Global
	GlobalSection(SolutionConfigurationPlatforms) = preSolution
		Debug|Any CPU = Debug|Any CPU
		Release|Any CPU = Release|Any CPU
	EndGlobalSection
	GlobalSection(ProjectConfigurationPlatforms) = postSolution
		{BA4F9760-96C9-4426-8AF3-0EA8540DFFDD}.Debug|Any CPU.ActiveCfg = Debug|Any CPU
		{BA4F9760-96C9-4426-8AF3-0EA8540DFFDD}.Debug|Any CPU.Build.0 = Debug|Any CPU
		{BA4F9760-96C9-4426-8AF3-0EA8540DFFDD}.Release|Any CPU.ActiveCfg = Release|Any CPU
		{BA4F9760-96C9-4426-8AF3-0EA8540DFFDD}.Release|Any CPU.Build.0 = Release|Any CPU
	EndGlobalSection
	GlobalSection(SolutionProperties) = preSolution
		HideSolutionNode = FALSE
	EndGlobalSection
	GlobalSection(ExtensibilityGlobals) = postSolution
		SolutionGuid = {A4A90859-D5C5-4789-BEA9-1AE1E4725EC1}
	EndGlobalSection
EndGlobal
